
Microsoft Visual Studio Solution File, Format Version 12.00
# Visual Studio Version 17
VisualStudioVersion = 17.3.32922.545
MinimumVisualStudioVersion = 10.0.40219.1
Project("{FAE04EC0-301F-11D3-BF4B-00C04F79EFBC}") = "HttpClientProject", "HttpClientProject\HttpClientProject.csproj", "{F50427D6-A839-4B22-987F-65AB916136AD}"
EndProject
Project("{FAE04EC0-301F-11D3-BF4B-00C04F79EFBC}") = "RestSharpProject", "RestSharpProject\RestSharpProject.csproj", "{644DF868-DB2E-4A33-8CFD-095451FBC81C}"
EndProject
Project("{FAE04EC0-301F-11D3-BF4B-00C04F79EFBC}") = "Soap", "Soap\Soap.csproj", "{199F5704-1197-4E55-9CE9-7CC5288F9205}"
EndProject
Global
	GlobalSection(SolutionConfigurationPlatforms) = preSolution
		Debug|Any CPU = Debug|Any CPU
		Release|Any CPU = Release|Any CPU
	EndGlobalSection
	GlobalSection(ProjectConfigurationPlatforms) = postSolution
		{F50427D6-A839-4B22-987F-65AB916136AD}.Debug|Any CPU.ActiveCfg = Debug|Any CPU
		{F50427D6-A839-4B22-987F-65AB916136AD}.Debug|Any CPU.Build.0 = Debug|Any CPU
		{F50427D6-A839-4B22-987F-65AB916136AD}.Release|Any CPU.ActiveCfg = Release|Any CPU
		{F50427D6-A839-4B22-987F-65AB916136AD}.Release|Any CPU.Build.0 = Release|Any CPU
		{644DF868-DB2E-4A33-8CFD-095451FBC81C}.Debug|Any CPU.ActiveCfg = Debug|Any CPU
		{644DF868-DB2E-4A33-8CFD-095451FBC81C}.Debug|Any CPU.Build.0 = Debug|Any CPU
		{644DF868-DB2E-4A33-8CFD-095451FBC81C}.Release|Any CPU.ActiveCfg = Release|Any CPU
		{644DF868-DB2E-4A33-8CFD-095451FBC81C}.Release|Any CPU.Build.0 = Release|Any CPU
		{199F5704-1197-4E55-9CE9-7CC5288F9205}.Debug|Any CPU.ActiveCfg = Debug|Any CPU
		{199F5704-1197-4E55-9CE9-7CC5288F9205}.Debug|Any CPU.Build.0 = Debug|Any CPU
		{199F5704-1197-4E55-9CE9-7CC5288F9205}.Release|Any CPU.ActiveCfg = Release|Any CPU
		{199F5704-1197-4E55-9CE9-7CC5288F9205}.Release|Any CPU.Build.0 = Release|Any CPU
	EndGlobalSection
	GlobalSection(SolutionProperties) = preSolution
		HideSolutionNode = FALSE
	EndGlobalSection
	GlobalSection(ExtensibilityGlobals) = postSolution
		SolutionGuid = {EE0FE192-EA6A-4D45-99C3-B482A5C08F66}
	EndGlobalSection
EndGlobal
